
Microsoft Visual Studio Solution File, Format Version 12.00
# Visual Studio Version 16
VisualStudioVersion = 16.0.31112.23
MinimumVisualStudioVersion = 10.0.40219.1
Project("{FAE04EC0-301F-11D3-BF4B-00C04F79EFBC}") = "wa101", "wa101\wa101.csproj", "{3DF0E703-9157-4334-95B9-99933FC44773}"
EndProject
Global
	GlobalSection(SolutionConfigurationPlatforms) = preSolution
		Debug|Any CPU = Debug|Any CPU
		Release|Any CPU = Release|Any CPU
	EndGlobalSection
	GlobalSection(ProjectConfigurationPlatforms) = postSolution
		{3DF0E703-9157-4334-95B9-99933FC44773}.Debug|Any CPU.ActiveCfg = Debug|Any CPU
		{3DF0E703-9157-4334-95B9-99933FC44773}.Debug|Any CPU.Build.0 = Debug|Any CPU
		{3DF0E703-9157-4334-95B9-99933FC44773}.Release|Any CPU.ActiveCfg = Release|Any CPU
		{3DF0E703-9157-4334-95B9-99933FC44773}.Release|Any CPU.Build.0 = Release|Any CPU
	EndGlobalSection
	GlobalSection(SolutionProperties) = preSolution
		HideSolutionNode = FALSE
	EndGlobalSection
	GlobalSection(ExtensibilityGlobals) = postSolution
		SolutionGuid = {DF31C817-37C3-4E1B-8C59-F9DED5DB98A2}
	EndGlobalSection
EndGlobal
